
Microsoft Visual Studio Solution File, Format Version 12.00
# Visual Studio Version 16
VisualStudioVersion = 16.0.32602.291
MinimumVisualStudioVersion = 10.0.40219.1
Project("{FAE04EC0-301F-11D3-BF4B-00C04F79EFBC}") = "LanguageSchoolClassLibrary", "LanguageSchoolClassLibrary\LanguageSchoolClassLibrary.csproj", "{C1F89085-F79F-4146-86C7-C2D1E4AE3C67}"
EndProject
Global
	GlobalSection(SolutionConfigurationPlatforms) = preSolution
		Debug|Any CPU = Debug|Any CPU
		Release|Any CPU = Release|Any CPU
	EndGlobalSection
	GlobalSection(ProjectConfigurationPlatforms) = postSolution
		{C1F89085-F79F-4146-86C7-C2D1E4AE3C67}.Debug|Any CPU.ActiveCfg = Debug|Any CPU
		{C1F89085-F79F-4146-86C7-C2D1E4AE3C67}.Debug|Any CPU.Build.0 = Debug|Any CPU
		{C1F89085-F79F-4146-86C7-C2D1E4AE3C67}.Release|Any CPU.ActiveCfg = Release|Any CPU
		{C1F89085-F79F-4146-86C7-C2D1E4AE3C67}.Release|Any CPU.Build.0 = Release|Any CPU
	EndGlobalSection
	GlobalSection(SolutionProperties) = preSolution
		HideSolutionNode = FALSE
	EndGlobalSection
	GlobalSection(ExtensibilityGlobals) = postSolution
		SolutionGuid = {7A6B29FD-ACFE-4126-B604-17595D063906}
	EndGlobalSection
EndGlobal
